// !$*UTF8*$!
{
	archiveVersion = 1;
	classes = {
	};
	objectVersion = 56;
	objects = {

/* Begin PBXBuildFile section */
		2598257C99A0D0EF7CC2BE30 /* Pods_UserCentricsStudyCase.framework in Frameworks */ = {isa = PBXBuildFile; fileRef = D5046A9DF38391AB9D94D94E /* Pods_UserCentricsStudyCase.framework */; };
		9981A51C2CF4CB0C00C8D54C /* ServiceCost.swift in Sources */ = {isa = PBXBuildFile; fileRef = 9981A51B2CF4CB0C00C8D54C /* ServiceCost.swift */; };
		9981A51E2CF4CB3600C8D54C /* ContentViewModel.swift in Sources */ = {isa = PBXBuildFile; fileRef = 9981A51D2CF4CB3600C8D54C /* ContentViewModel.swift */; };
		9981A5222CF4D01E00C8D54C /* Rules.swift in Sources */ = {isa = PBXBuildFile; fileRef = 9981A5212CF4D01E00C8D54C /* Rules.swift */; };
		9981A5242CF4D56300C8D54C /* RulesManager.swift in Sources */ = {isa = PBXBuildFile; fileRef = 9981A5232CF4D56300C8D54C /* RulesManager.swift */; };
		99A508382CF088A800500274 /* UserCentricsStudyCaseApp.swift in Sources */ = {isa = PBXBuildFile; fileRef = 99A508372CF088A800500274 /* UserCentricsStudyCaseApp.swift */; };
		99A5083A2CF088A800500274 /* ContentView.swift in Sources */ = {isa = PBXBuildFile; fileRef = 99A508392CF088A800500274 /* ContentView.swift */; };
		99A5083C2CF088B500500274 /* Assets.xcassets in Resources */ = {isa = PBXBuildFile; fileRef = 99A5083B2CF088B500500274 /* Assets.xcassets */; };
		99A508402CF088B500500274 /* Preview Assets.xcassets in Resources */ = {isa = PBXBuildFile; fileRef = 99A5083F2CF088B500500274 /* Preview Assets.xcassets */; };
		99A508492CF0A93A00500274 /* CostCalculator.swift in Sources */ = {isa = PBXBuildFile; fileRef = 99A508482CF0A93A00500274 /* CostCalculator.swift */; };
		99A5084B2CF0D47300500274 /* ConsentManager.swift in Sources */ = {isa = PBXBuildFile; fileRef = 99A5084A2CF0D47300500274 /* ConsentManager.swift */; };
/* End PBXBuildFile section */

/* Begin PBXFileReference section */
		72A69A660A5CED17009B4102 /* Pods-UserCentricsStudyCase.release.xcconfig */ = {isa = PBXFileReference; includeInIndex = 1; lastKnownFileType = text.xcconfig; name = "Pods-UserCentricsStudyCase.release.xcconfig"; path = "Target Support Files/Pods-UserCentricsStudyCase/Pods-UserCentricsStudyCase.release.xcconfig"; sourceTree = "<group>"; };
		9981A51A2CF4C79000C8D54C /* Info.plist */ = {isa = PBXFileReference; lastKnownFileType = text.plist; path = Info.plist; sourceTree = "<group>"; };
		9981A51B2CF4CB0C00C8D54C /* ServiceCost.swift */ = {isa = PBXFileReference; lastKnownFileType = sourcecode.swift; path = ServiceCost.swift; sourceTree = "<group>"; };
		9981A51D2CF4CB3600C8D54C /* ContentViewModel.swift */ = {isa = PBXFileReference; lastKnownFileType = sourcecode.swift; path = ContentViewModel.swift; sourceTree = "<group>"; };
		9981A5212CF4D01E00C8D54C /* Rules.swift */ = {isa = PBXFileReference; lastKnownFileType = sourcecode.swift; path = Rules.swift; sourceTree = "<group>"; };
		9981A5232CF4D56300C8D54C /* RulesManager.swift */ = {isa = PBXFileReference; lastKnownFileType = sourcecode.swift; path = RulesManager.swift; sourceTree = "<group>"; };
		99A508342CF088A800500274 /* UserCentricsStudyCase.app */ = {isa = PBXFileReference; explicitFileType = wrapper.application; includeInIndex = 0; path = UserCentricsStudyCase.app; sourceTree = BUILT_PRODUCTS_DIR; };
		99A508372CF088A800500274 /* UserCentricsStudyCaseApp.swift */ = {isa = PBXFileReference; lastKnownFileType = sourcecode.swift; path = UserCentricsStudyCaseApp.swift; sourceTree = "<group>"; };
		99A508392CF088A800500274 /* ContentView.swift */ = {isa = PBXFileReference; lastKnownFileType = sourcecode.swift; path = ContentView.swift; sourceTree = "<group>"; };
		99A5083B2CF088B500500274 /* Assets.xcassets */ = {isa = PBXFileReference; lastKnownFileType = folder.assetcatalog; path = Assets.xcassets; sourceTree = "<group>"; };
		99A5083D2CF088B500500274 /* UserCentricsStudyCase.entitlements */ = {isa = PBXFileReference; lastKnownFileType = text.plist.entitlements; path = UserCentricsStudyCase.entitlements; sourceTree = "<group>"; };
		99A5083F2CF088B500500274 /* Preview Assets.xcassets */ = {isa = PBXFileReference; lastKnownFileType = folder.assetcatalog; path = "Preview Assets.xcassets"; sourceTree = "<group>"; };
		99A508482CF0A93A00500274 /* CostCalculator.swift */ = {isa = PBXFileReference; lastKnownFileType = sourcecode.swift; path = CostCalculator.swift; sourceTree = "<group>"; };
		99A5084A2CF0D47300500274 /* ConsentManager.swift */ = {isa = PBXFileReference; lastKnownFileType = sourcecode.swift; path = ConsentManager.swift; sourceTree = "<group>"; };
		D1D825D810C6559287016FB2 /* Pods-UserCentricsStudyCase.debug.xcconfig */ = {isa = PBXFileReference; includeInIndex = 1; lastKnownFileType = text.xcconfig; name = "Pods-UserCentricsStudyCase.debug.xcconfig"; path = "Target Support Files/Pods-UserCentricsStudyCase/Pods-UserCentricsStudyCase.debug.xcconfig"; sourceTree = "<group>"; };
		D5046A9DF38391AB9D94D94E /* Pods_UserCentricsStudyCase.framework */ = {isa = PBXFileReference; explicitFileType = wrapper.framework; includeInIndex = 0; path = Pods_UserCentricsStudyCase.framework; sourceTree = BUILT_PRODUCTS_DIR; };
/* End PBXFileReference section */

/* Begin PBXFrameworksBuildPhase section */
		99A508312CF088A800500274 /* Frameworks */ = {
			isa = PBXFrameworksBuildPhase;
			buildActionMask = 2147483647;
			files = (
				2598257C99A0D0EF7CC2BE30 /* Pods_UserCentricsStudyCase.framework in Frameworks */,
			);
			runOnlyForDeploymentPostprocessing = 0;
		};
/* End PBXFrameworksBuildPhase section */

/* Begin PBXGroup section */
		93ECD945B6995582E8436729 /* Frameworks */ = {
			isa = PBXGroup;
			children = (
				D5046A9DF38391AB9D94D94E /* Pods_UserCentricsStudyCase.framework */,
			);
			name = Frameworks;
			sourceTree = "<group>";
		};
		9981A5252CF4D5BA00C8D54C /* Views */ = {
			isa = PBXGroup;
			children = (
				99A508392CF088A800500274 /* ContentView.swift */,
			);
			path = Views;
			sourceTree = "<group>";
		};
		9981A5262CF4D5C800C8D54C /* ViewModels */ = {
			isa = PBXGroup;
			children = (
				9981A51D2CF4CB3600C8D54C /* ContentViewModel.swift */,
			);
			path = ViewModels;
			sourceTree = "<group>";
		};
		9981A5272CF4D5E300C8D54C /* Services */ = {
			isa = PBXGroup;
			children = (
				9981A51B2CF4CB0C00C8D54C /* ServiceCost.swift */,
				99A508482CF0A93A00500274 /* CostCalculator.swift */,
				9981A5212CF4D01E00C8D54C /* Rules.swift */,
			);
			path = Services;
			sourceTree = "<group>";
		};
		9981A5282CF4D67B00C8D54C /* Managers */ = {
			isa = PBXGroup;
			children = (
				99A5084A2CF0D47300500274 /* ConsentManager.swift */,
				9981A5232CF4D56300C8D54C /* RulesManager.swift */,
			);
			path = Managers;
			sourceTree = "<group>";
		};
		99A5082B2CF088A800500274 = {
			isa = PBXGroup;
			children = (
				99A508362CF088A800500274 /* UserCentricsStudyCase */,
				99A508352CF088A800500274 /* Products */,
				C5697F85AF439D412274CCE0 /* Pods */,
				93ECD945B6995582E8436729 /* Frameworks */,
			);
			sourceTree = "<group>";
		};
		99A508352CF088A800500274 /* Products */ = {
			isa = PBXGroup;
			children = (
				99A508342CF088A800500274 /* UserCentricsStudyCase.app */,
			);
			name = Products;
			sourceTree = "<group>";
		};
		99A508362CF088A800500274 /* UserCentricsStudyCase */ = {
			isa = PBXGroup;
			children = (
				99A508372CF088A800500274 /* UserCentricsStudyCaseApp.swift */,
				9981A51A2CF4C79000C8D54C /* Info.plist */,
				9981A5282CF4D67B00C8D54C /* Managers */,
				9981A5272CF4D5E300C8D54C /* Services */,
				9981A5252CF4D5BA00C8D54C /* Views */,
				9981A5262CF4D5C800C8D54C /* ViewModels */,
				99A5083B2CF088B500500274 /* Assets.xcassets */,
				99A5083D2CF088B500500274 /* UserCentricsStudyCase.entitlements */,
				99A5083E2CF088B500500274 /* Preview Content */,
			);
			path = UserCentricsStudyCase;
			sourceTree = "<group>";
		};
		99A5083E2CF088B500500274 /* Preview Content */ = {
			isa = PBXGroup;
			children = (
				99A5083F2CF088B500500274 /* Preview Assets.xcassets */,
			);
			path = "Preview Content";
			sourceTree = "<group>";
		};
		C5697F85AF439D412274CCE0 /* Pods */ = {
			isa = PBXGroup;
			children = (
				D1D825D810C6559287016FB2 /* Pods-UserCentricsStudyCase.debug.xcconfig */,
				72A69A660A5CED17009B4102 /* Pods-UserCentricsStudyCase.release.xcconfig */,
			);
			path = Pods;
			sourceTree = "<group>";
		};
/* End PBXGroup section */

/* Begin PBXNativeTarget section */
		99A508332CF088A800500274 /* UserCentricsStudyCase */ = {
			isa = PBXNativeTarget;
			buildConfigurationList = 99A508432CF088B500500274 /* Build configuration list for PBXNativeTarget "UserCentricsStudyCase" */;
			buildPhases = (
				CF52326BF8F37DF5F54370B8 /* [CP] Check Pods Manifest.lock */,
				99A508302CF088A800500274 /* Sources */,
				99A508312CF088A800500274 /* Frameworks */,
				99A508322CF088A800500274 /* Resources */,
				FF33271F4C291D7813DBE164 /* [CP] Embed Pods Frameworks */,
				CB0539928E37BAB966C722E3 /* [CP] Copy Pods Resources */,
			);
			buildRules = (
			);
			dependencies = (
			);
			name = UserCentricsStudyCase;
			productName = UserCentricsStudyCase;
			productReference = 99A508342CF088A800500274 /* UserCentricsStudyCase.app */;
			productType = "com.apple.product-type.application";
		};
/* End PBXNativeTarget section */

/* Begin PBXProject section */
		99A5082C2CF088A800500274 /* Project object */ = {
			isa = PBXProject;
			attributes = {
				BuildIndependentTargetsInParallel = 1;
				LastSwiftUpdateCheck = 1420;
				LastUpgradeCheck = 1420;
				TargetAttributes = {
					99A508332CF088A800500274 = {
						CreatedOnToolsVersion = 14.2;
					};
				};
			};
			buildConfigurationList = 99A5082F2CF088A800500274 /* Build configuration list for PBXProject "UserCentricsStudyCase" */;
			compatibilityVersion = "Xcode 14.0";
			developmentRegion = en;
			hasScannedForEncodings = 0;
			knownRegions = (
				en,
				Base,
			);
			mainGroup = 99A5082B2CF088A800500274;
			productRefGroup = 99A508352CF088A800500274 /* Products */;
			projectDirPath = "";
			projectRoot = "";
			targets = (
				99A508332CF088A800500274 /* UserCentricsStudyCase */,
			);
		};
/* End PBXProject section */

/* Begin PBXResourcesBuildPhase section */
		99A508322CF088A800500274 /* Resources */ = {
			isa = PBXResourcesBuildPhase;
			buildActionMask = 2147483647;
			files = (
				99A508402CF088B500500274 /* Preview Assets.xcassets in Resources */,
				99A5083C2CF088B500500274 /* Assets.xcassets in Resources */,
			);
			runOnlyForDeploymentPostprocessing = 0;
		};
/* End PBXResourcesBuildPhase section */

/* Begin PBXShellScriptBuildPhase section */
		CB0539928E37BAB966C722E3 /* [CP] Copy Pods Resources */ = {
			isa = PBXShellScriptBuildPhase;
			buildActionMask = 2147483647;
			files = (
			);
			inputFileListPaths = (
				"${PODS_ROOT}/Target Support Files/Pods-UserCentricsStudyCase/Pods-UserCentricsStudyCase-resources-${CONFIGURATION}-input-files.xcfilelist",
			);
			name = "[CP] Copy Pods Resources";
			outputFileListPaths = (
				"${PODS_ROOT}/Target Support Files/Pods-UserCentricsStudyCase/Pods-UserCentricsStudyCase-resources-${CONFIGURATION}-output-files.xcfilelist",
			);
			runOnlyForDeploymentPostprocessing = 0;
			shellPath = /bin/sh;
			shellScript = "\"${PODS_ROOT}/Target Support Files/Pods-UserCentricsStudyCase/Pods-UserCentricsStudyCase-resources.sh\"\n";
			showEnvVarsInLog = 0;
		};
		CF52326BF8F37DF5F54370B8 /* [CP] Check Pods Manifest.lock */ = {
			isa = PBXShellScriptBuildPhase;
			buildActionMask = 2147483647;
			files = (
			);
			inputFileListPaths = (
			);
			inputPaths = (
				"${PODS_PODFILE_DIR_PATH}/Podfile.lock",
				"${PODS_ROOT}/Manifest.lock",
			);
			name = "[CP] Check Pods Manifest.lock";
			outputFileListPaths = (
			);
			outputPaths = (
				"$(DERIVED_FILE_DIR)/Pods-UserCentricsStudyCase-checkManifestLockResult.txt",
			);
			runOnlyForDeploymentPostprocessing = 0;
			shellPath = /bin/sh;
			shellScript = "diff \"${PODS_PODFILE_DIR_PATH}/Podfile.lock\" \"${PODS_ROOT}/Manifest.lock\" > /dev/null\nif [ $? != 0 ] ; then\n    # print error to STDERR\n    echo \"error: The sandbox is not in sync with the Podfile.lock. Run 'pod install' or update your CocoaPods installation.\" >&2\n    exit 1\nfi\n# This output is used by Xcode 'outputs' to avoid re-running this script phase.\necho \"SUCCESS\" > \"${SCRIPT_OUTPUT_FILE_0}\"\n";
			showEnvVarsInLog = 0;
		};
		FF33271F4C291D7813DBE164 /* [CP] Embed Pods Frameworks */ = {
			isa = PBXShellScriptBuildPhase;
			buildActionMask = 2147483647;
			files = (
			);
			inputFileListPaths = (
				"${PODS_ROOT}/Target Support Files/Pods-UserCentricsStudyCase/Pods-UserCentricsStudyCase-frameworks-${CONFIGURATION}-input-files.xcfilelist",
			);
			name = "[CP] Embed Pods Frameworks";
			outputFileListPaths = (
				"${PODS_ROOT}/Target Support Files/Pods-UserCentricsStudyCase/Pods-UserCentricsStudyCase-frameworks-${CONFIGURATION}-output-files.xcfilelist",
			);
			runOnlyForDeploymentPostprocessing = 0;
			shellPath = /bin/sh;
			shellScript = "\"${PODS_ROOT}/Target Support Files/Pods-UserCentricsStudyCase/Pods-UserCentricsStudyCase-frameworks.sh\"\n";
			showEnvVarsInLog = 0;
		};
/* End PBXShellScriptBuildPhase section */

/* Begin PBXSourcesBuildPhase section */
		99A508302CF088A800500274 /* Sources */ = {
			isa = PBXSourcesBuildPhase;
			buildActionMask = 2147483647;
			files = (
				9981A51C2CF4CB0C00C8D54C /* ServiceCost.swift in Sources */,
				99A5083A2CF088A800500274 /* ContentView.swift in Sources */,
				9981A51E2CF4CB3600C8D54C /* ContentViewModel.swift in Sources */,
				99A508492CF0A93A00500274 /* CostCalculator.swift in Sources */,
				99A5084B2CF0D47300500274 /* ConsentManager.swift in Sources */,
				9981A5242CF4D56300C8D54C /* RulesManager.swift in Sources */,
				9981A5222CF4D01E00C8D54C /* Rules.swift in Sources */,
				99A508382CF088A800500274 /* UserCentricsStudyCaseApp.swift in Sources */,
			);
			runOnlyForDeploymentPostprocessing = 0;
		};
/* End PBXSourcesBuildPhase section */

/* Begin XCBuildConfiguration section */
		99A508412CF088B500500274 /* Debug */ = {
			isa = XCBuildConfiguration;
			buildSettings = {
				ALWAYS_SEARCH_USER_PATHS = NO;
				CLANG_ANALYZER_NONNULL = YES;
				CLANG_ANALYZER_NUMBER_OBJECT_CONVERSION = YES_AGGRESSIVE;
				CLANG_CXX_LANGUAGE_STANDARD = "gnu++20";
				CLANG_ENABLE_MODULES = YES;
				CLANG_ENABLE_OBJC_ARC = YES;
				CLANG_ENABLE_OBJC_WEAK = YES;
				CLANG_WARN_BLOCK_CAPTURE_AUTORELEASING = YES;
				CLANG_WARN_BOOL_CONVERSION = YES;
				CLANG_WARN_COMMA = YES;
				CLANG_WARN_CONSTANT_CONVERSION = YES;
				CLANG_WARN_DEPRECATED_OBJC_IMPLEMENTATIONS = YES;
				CLANG_WARN_DIRECT_OBJC_ISA_USAGE = YES_ERROR;
				CLANG_WARN_DOCUMENTATION_COMMENTS = YES;
				CLANG_WARN_EMPTY_BODY = YES;
				CLANG_WARN_ENUM_CONVERSION = YES;
				CLANG_WARN_INFINITE_RECURSION = YES;
				CLANG_WARN_INT_CONVERSION = YES;
				CLANG_WARN_NON_LITERAL_NULL_CONVERSION = YES;
				CLANG_WARN_OBJC_IMPLICIT_RETAIN_SELF = YES;
				CLANG_WARN_OBJC_LITERAL_CONVERSION = YES;
				CLANG_WARN_OBJC_ROOT_CLASS = YES_ERROR;
				CLANG_WARN_QUOTED_INCLUDE_IN_FRAMEWORK_HEADER = YES;
				CLANG_WARN_RANGE_LOOP_ANALYSIS = YES;
				CLANG_WARN_STRICT_PROTOTYPES = YES;
				CLANG_WARN_SUSPICIOUS_MOVE = YES;
				CLANG_WARN_UNGUARDED_AVAILABILITY = YES_AGGRESSIVE;
				CLANG_WARN_UNREACHABLE_CODE = YES;
				CLANG_WARN__DUPLICATE_METHOD_MATCH = YES;
				COPY_PHASE_STRIP = NO;
				DEBUG_INFORMATION_FORMAT = dwarf;
				ENABLE_STRICT_OBJC_MSGSEND = YES;
				ENABLE_TESTABILITY = YES;
				GCC_C_LANGUAGE_STANDARD = gnu11;
				GCC_DYNAMIC_NO_PIC = NO;
				GCC_NO_COMMON_BLOCKS = YES;
				GCC_OPTIMIZATION_LEVEL = 0;
				GCC_PREPROCESSOR_DEFINITIONS = (
					"DEBUG=1",
					"$(inherited)",
				);
				GCC_WARN_64_TO_32_BIT_CONVERSION = YES;
				GCC_WARN_ABOUT_RETURN_TYPE = YES_ERROR;
				GCC_WARN_UNDECLARED_SELECTOR = YES;
				GCC_WARN_UNINITIALIZED_AUTOS = YES_AGGRESSIVE;
				GCC_WARN_UNUSED_FUNCTION = YES;
				GCC_WARN_UNUSED_VARIABLE = YES;
				MTL_ENABLE_DEBUG_INFO = INCLUDE_SOURCE;
				MTL_FAST_MATH = YES;
				ONLY_ACTIVE_ARCH = YES;
				SWIFT_ACTIVE_COMPILATION_CONDITIONS = DEBUG;
				SWIFT_OPTIMIZATION_LEVEL = "-Onone";
			};
			name = Debug;
		};
		99A508422CF088B500500274 /* Release */ = {
			isa = XCBuildConfiguration;
			buildSettings = {
				ALWAYS_SEARCH_USER_PATHS = NO;
				CLANG_ANALYZER_NONNULL = YES;
				CLANG_ANALYZER_NUMBER_OBJECT_CONVERSION = YES_AGGRESSIVE;
				CLANG_CXX_LANGUAGE_STANDARD = "gnu++20";
				CLANG_ENABLE_MODULES = YES;
				CLANG_ENABLE_OBJC_ARC = YES;
				CLANG_ENABLE_OBJC_WEAK = YES;
				CLANG_WARN_BLOCK_CAPTURE_AUTORELEASING = YES;
				CLANG_WARN_BOOL_CONVERSION = YES;
				CLANG_WARN_COMMA = YES;
				CLANG_WARN_CONSTANT_CONVERSION = YES;
				CLANG_WARN_DEPRECATED_OBJC_IMPLEMENTATIONS = YES;
				CLANG_WARN_DIRECT_OBJC_ISA_USAGE = YES_ERROR;
				CLANG_WARN_DOCUMENTATION_COMMENTS = YES;
				CLANG_WARN_EMPTY_BODY = YES;
				CLANG_WARN_ENUM_CONVERSION = YES;
				CLANG_WARN_INFINITE_RECURSION = YES;
				CLANG_WARN_INT_CONVERSION = YES;
				CLANG_WARN_NON_LITERAL_NULL_CONVERSION = YES;
				CLANG_WARN_OBJC_IMPLICIT_RETAIN_SELF = YES;
				CLANG_WARN_OBJC_LITERAL_CONVERSION = YES;
				CLANG_WARN_OBJC_ROOT_CLASS = YES_ERROR;
				CLANG_WARN_QUOTED_INCLUDE_IN_FRAMEWORK_HEADER = YES;
				CLANG_WARN_RANGE_LOOP_ANALYSIS = YES;
				CLANG_WARN_STRICT_PROTOTYPES = YES;
				CLANG_WARN_SUSPICIOUS_MOVE = YES;
				CLANG_WARN_UNGUARDED_AVAILABILITY = YES_AGGRESSIVE;
				CLANG_WARN_UNREACHABLE_CODE = YES;
				CLANG_WARN__DUPLICATE_METHOD_MATCH = YES;
				COPY_PHASE_STRIP = NO;
				DEBUG_INFORMATION_FORMAT = "dwarf-with-dsym";
				ENABLE_NS_ASSERTIONS = NO;
				ENABLE_STRICT_OBJC_MSGSEND = YES;
				GCC_C_LANGUAGE_STANDARD = gnu11;
				GCC_NO_COMMON_BLOCKS = YES;
				GCC_WARN_64_TO_32_BIT_CONVERSION = YES;
				GCC_WARN_ABOUT_RETURN_TYPE = YES_ERROR;
				GCC_WARN_UNDECLARED_SELECTOR = YES;
				GCC_WARN_UNINITIALIZED_AUTOS = YES_AGGRESSIVE;
				GCC_WARN_UNUSED_FUNCTION = YES;
				GCC_WARN_UNUSED_VARIABLE = YES;
				MTL_ENABLE_DEBUG_INFO = NO;
				MTL_FAST_MATH = YES;
				SWIFT_COMPILATION_MODE = wholemodule;
				SWIFT_OPTIMIZATION_LEVEL = "-O";
			};
			name = Release;
		};
		99A508442CF088B500500274 /* Debug */ = {
			isa = XCBuildConfiguration;
			baseConfigurationReference = D1D825D810C6559287016FB2 /* Pods-UserCentricsStudyCase.debug.xcconfig */;
			buildSettings = {
				ASSETCATALOG_COMPILER_APPICON_NAME = AppIcon;
				ASSETCATALOG_COMPILER_GLOBAL_ACCENT_COLOR_NAME = AccentColor;
				CODE_SIGN_ENTITLEMENTS = UserCentricsStudyCase/UserCentricsStudyCase.entitlements;
				CODE_SIGN_STYLE = Automatic;
				CURRENT_PROJECT_VERSION = 1;
				DEVELOPMENT_ASSET_PATHS = "\"UserCentricsStudyCase/Preview Content\"";
				ENABLE_PREVIEWS = YES;
				GENERATE_INFOPLIST_FILE = YES;
				INFOPLIST_FILE = UserCentricsStudyCase/Info.plist;
				"INFOPLIST_KEY_UIApplicationSceneManifest_Generation[sdk=iphoneos*]" = YES;
				"INFOPLIST_KEY_UIApplicationSceneManifest_Generation[sdk=iphonesimulator*]" = YES;
				"INFOPLIST_KEY_UIApplicationSupportsIndirectInputEvents[sdk=iphoneos*]" = YES;
				"INFOPLIST_KEY_UIApplicationSupportsIndirectInputEvents[sdk=iphonesimulator*]" = YES;
				"INFOPLIST_KEY_UILaunchScreen_Generation[sdk=iphoneos*]" = YES;
				"INFOPLIST_KEY_UILaunchScreen_Generation[sdk=iphonesimulator*]" = YES;
				"INFOPLIST_KEY_UIStatusBarStyle[sdk=iphoneos*]" = UIStatusBarStyleDefault;
				"INFOPLIST_KEY_UIStatusBarStyle[sdk=iphonesimulator*]" = UIStatusBarStyleDefault;
				INFOPLIST_KEY_UISupportedInterfaceOrientations_iPad = "UIInterfaceOrientationPortrait UIInterfaceOrientationPortraitUpsideDown UIInterfaceOrientationLandscapeLeft UIInterfaceOrientationLandscapeRight";
				INFOPLIST_KEY_UISupportedInterfaceOrientations_iPhone = "UIInterfaceOrientationPortrait UIInterfaceOrientationLandscapeLeft UIInterfaceOrientationLandscapeRight";
				IPHONEOS_DEPLOYMENT_TARGET = 16.2;
				LD_RUNPATH_SEARCH_PATHS = "@executable_path/Frameworks";
				"LD_RUNPATH_SEARCH_PATHS[sdk=macosx*]" = "@executable_path/../Frameworks";
				MACOSX_DEPLOYMENT_TARGET = 12.7;
				MARKETING_VERSION = 1.0;
				PRODUCT_BUNDLE_IDENTIFIER = com.tsgi.usercentrics.UserCentricsStudyCase;
				PRODUCT_NAME = "$(TARGET_NAME)";
				SDKROOT = auto;
				SUPPORTED_PLATFORMS = "iphoneos iphonesimulator macosx";
				SWIFT_EMIT_LOC_STRINGS = YES;
				SWIFT_VERSION = 5.0;
				TARGETED_DEVICE_FAMILY = "1,2";
			};
			name = Debug;
		};
		99A508452CF088B500500274 /* Release */ = {
			isa = XCBuildConfiguration;
			baseConfigurationReference = 72A69A660A5CED17009B4102 /* Pods-UserCentricsStudyCase.release.xcconfig */;
			buildSettings = {
				ASSETCATALOG_COMPILER_APPICON_NAME = AppIcon;
				ASSETCATALOG_COMPILER_GLOBAL_ACCENT_COLOR_NAME = AccentColor;
				CODE_SIGN_ENTITLEMENTS = UserCentricsStudyCase/UserCentricsStudyCase.entitlements;
				CODE_SIGN_STYLE = Automatic;
				CURRENT_PROJECT_VERSION = 1;
				DEVELOPMENT_ASSET_PATHS = "\"UserCentricsStudyCase/Preview Content\"";
				ENABLE_PREVIEWS = YES;
				GENERATE_INFOPLIST_FILE = YES;
				INFOPLIST_FILE = UserCentricsStudyCase/Info.plist;
				"INFOPLIST_KEY_UIApplicationSceneManifest_Generation[sdk=iphoneos*]" = YES;
				"INFOPLIST_KEY_UIApplicationSceneManifest_Generation[sdk=iphonesimulator*]" = YES;
				"INFOPLIST_KEY_UIApplicationSupportsIndirectInputEvents[sdk=iphoneos*]" = YES;
				"INFOPLIST_KEY_UIApplicationSupportsIndirectInputEvents[sdk=iphonesimulator*]" = YES;
				"INFOPLIST_KEY_UILaunchScreen_Generation[sdk=iphoneos*]" = YES;
				"INFOPLIST_KEY_UILaunchScreen_Generation[sdk=iphonesimulator*]" = YES;
				"INFOPLIST_KEY_UIStatusBarStyle[sdk=iphoneos*]" = UIStatusBarStyleDefault;
				"INFOPLIST_KEY_UIStatusBarStyle[sdk=iphonesimulator*]" = UIStatusBarStyleDefault;
				INFOPLIST_KEY_UISupportedInterfaceOrientations_iPad = "UIInterfaceOrientationPortrait UIInterfaceOrientationPortraitUpsideDown UIInterfaceOrientationLandscapeLeft UIInterfaceOrientationLandscapeRight";
				INFOPLIST_KEY_UISupportedInterfaceOrientations_iPhone = "UIInterfaceOrientationPortrait UIInterfaceOrientationLandscapeLeft UIInterfaceOrientationLandscapeRight";
				IPHONEOS_DEPLOYMENT_TARGET = 16.2;
				LD_RUNPATH_SEARCH_PATHS = "@executable_path/Frameworks";
				"LD_RUNPATH_SEARCH_PATHS[sdk=macosx*]" = "@executable_path/../Frameworks";
				MACOSX_DEPLOYMENT_TARGET = 12.7;
				MARKETING_VERSION = 1.0;
				PRODUCT_BUNDLE_IDENTIFIER = com.tsgi.usercentrics.UserCentricsStudyCase;
				PRODUCT_NAME = "$(TARGET_NAME)";
				SDKROOT = auto;
				SUPPORTED_PLATFORMS = "iphoneos iphonesimulator macosx";
				SWIFT_EMIT_LOC_STRINGS = YES;
				SWIFT_VERSION = 5.0;
				TARGETED_DEVICE_FAMILY = "1,2";
			};
			name = Release;
		};
/* End XCBuildConfiguration section */

/* Begin XCConfigurationList section */
		99A5082F2CF088A800500274 /* Build configuration list for PBXProject "UserCentricsStudyCase" */ = {
			isa = XCConfigurationList;
			buildConfigurations = (
				99A508412CF088B500500274 /* Debug */,
				99A508422CF088B500500274 /* Release */,
			);
			defaultConfigurationIsVisible = 0;
			defaultConfigurationName = Release;
		};
		99A508432CF088B500500274 /* Build configuration list for PBXNativeTarget "UserCentricsStudyCase" */ = {
			isa = XCConfigurationList;
			buildConfigurations = (
				99A508442CF088B500500274 /* Debug */,
				99A508452CF088B500500274 /* Release */,
			);
			defaultConfigurationIsVisible = 0;
			defaultConfigurationName = Release;
		};
/* End XCConfigurationList section */
	};
	rootObject = 99A5082C2CF088A800500274 /* Project object */;
}
